
Microsoft Visual Studio Solution File, Format Version 12.00
# Visual Studio Version 17
VisualStudioVersion = 17.0.31903.59
MinimumVisualStudioVersion = 10.0.40219.1
Project("{2150E333-8FDC-42A3-9474-1A3956D46DE8}") = "src", "src", "{827E0CD3-B72D-47B6-A68D-7590B98EB39B}"
EndProject
Project("{FAE04EC0-301F-11D3-BF4B-00C04F79EFBC}") = "Processor.Core", "src\Processor.Core\Processor.Core.csproj", "{9E127A91-8C1C-408A-95EB-B64BF3E21F59}"
EndProject
Project("{FAE04EC0-301F-11D3-BF4B-00C04F79EFBC}") = "Processor.Domains.Posts", "src\Processor.Domains.Posts\Processor.Domains.Posts.csproj", "{9A22E867-B04F-4899-BABE-AF53F4E3FE83}"
EndProject
Project("{FAE04EC0-301F-11D3-BF4B-00C04F79EFBC}") = "Processor.Domains.Profiles", "src\Processor.Domains.Profiles\Processor.Domains.Profiles.csproj", "{91D25E72-1650-4AC2-B9EF-24F22D8D5D94}"
EndProject
Project("{FAE04EC0-301F-11D3-BF4B-00C04F79EFBC}") = "Processor.Host", "src\Processor.Host\Processor.Host.csproj", "{CF5A6116-5A13-4AC4-9A03-8984EFF23476}"
EndProject
Project("{2150E333-8FDC-42A3-9474-1A3956D46DE8}") = "tests", "tests", "{0AB3BF05-4346-4AA6-1389-037BE0695223}"
EndProject
Project("{FAE04EC0-301F-11D3-BF4B-00C04F79EFBC}") = "Processor.Core.Tests", "tests\Processor.Core.Tests\Processor.Core.Tests.csproj", "{F949C471-39F9-49AE-BB7A-8E59AC16B52B}"
EndProject
Project("{FAE04EC0-301F-11D3-BF4B-00C04F79EFBC}") = "Processor.Domains.Posts.Tests", "tests\Processor.Domains.Posts.Tests\Processor.Domains.Posts.Tests.csproj", "{1E7B3BDE-AE6C-4CE7-9DFD-9CB6B2DE57AB}"
EndProject
Project("{FAE04EC0-301F-11D3-BF4B-00C04F79EFBC}") = "Processor.Domains.Profiles.Tests", "tests\Processor.Domains.Profiles.Tests\Processor.Domains.Profiles.Tests.csproj", "{CD321CE0-9129-459B-8542-75460EECE794}"
EndProject
Project("{FAE04EC0-301F-11D3-BF4B-00C04F79EFBC}") = "Processor.MockTests", "tests\Processor.MockTests\Processor.MockTests.csproj", "{BEF560E0-2A91-4990-BCEA-F40AFD7F742F}"
EndProject
Project("{FAE04EC0-301F-11D3-BF4B-00C04F79EFBC}") = "Processor.Host.Tests", "tests\Processor.Host.Tests\Processor.Host.Tests.csproj", "{EAC1FD80-2107-4564-B63E-4CB3E060C3B2}"
EndProject
Project("{FAE04EC0-301F-11D3-BF4B-00C04F79EFBC}") = "Processor.HostE2ETests", "tests\Processor.HostE2ETests\Processor.HostE2ETests.csproj", "{CDC764B6-242B-4075-B7F0-BB6C6A491A09}"
EndProject
Global
	GlobalSection(SolutionConfigurationPlatforms) = preSolution
		Debug|Any CPU = Debug|Any CPU
		Debug|x64 = Debug|x64
		Debug|x86 = Debug|x86
		Release|Any CPU = Release|Any CPU
		Release|x64 = Release|x64
		Release|x86 = Release|x86
	EndGlobalSection
	GlobalSection(ProjectConfigurationPlatforms) = postSolution
		{9E127A91-8C1C-408A-95EB-B64BF3E21F59}.Debug|Any CPU.ActiveCfg = Debug|Any CPU
		{9E127A91-8C1C-408A-95EB-B64BF3E21F59}.Debug|Any CPU.Build.0 = Debug|Any CPU
		{9E127A91-8C1C-408A-95EB-B64BF3E21F59}.Debug|x64.ActiveCfg = Debug|Any CPU
		{9E127A91-8C1C-408A-95EB-B64BF3E21F59}.Debug|x64.Build.0 = Debug|Any CPU
		{9E127A91-8C1C-408A-95EB-B64BF3E21F59}.Debug|x86.ActiveCfg = Debug|Any CPU
		{9E127A91-8C1C-408A-95EB-B64BF3E21F59}.Debug|x86.Build.0 = Debug|Any CPU
		{9E127A91-8C1C-408A-95EB-B64BF3E21F59}.Release|Any CPU.ActiveCfg = Release|Any CPU
		{9E127A91-8C1C-408A-95EB-B64BF3E21F59}.Release|Any CPU.Build.0 = Release|Any CPU
		{9E127A91-8C1C-408A-95EB-B64BF3E21F59}.Release|x64.ActiveCfg = Release|Any CPU
		{9E127A91-8C1C-408A-95EB-B64BF3E21F59}.Release|x64.Build.0 = Release|Any CPU
		{9E127A91-8C1C-408A-95EB-B64BF3E21F59}.Release|x86.ActiveCfg = Release|Any CPU
		{9E127A91-8C1C-408A-95EB-B64BF3E21F59}.Release|x86.Build.0 = Release|Any CPU
		{9A22E867-B04F-4899-BABE-AF53F4E3FE83}.Debug|Any CPU.ActiveCfg = Debug|Any CPU
		{9A22E867-B04F-4899-BABE-AF53F4E3FE83}.Debug|Any CPU.Build.0 = Debug|Any CPU
		{9A22E867-B04F-4899-BABE-AF53F4E3FE83}.Debug|x64.ActiveCfg = Debug|Any CPU
		{9A22E867-B04F-4899-BABE-AF53F4E3FE83}.Debug|x64.Build.0 = Debug|Any CPU
		{9A22E867-B04F-4899-BABE-AF53F4E3FE83}.Debug|x86.ActiveCfg = Debug|Any CPU
		{9A22E867-B04F-4899-BABE-AF53F4E3FE83}.Debug|x86.Build.0 = Debug|Any CPU
		{9A22E867-B04F-4899-BABE-AF53F4E3FE83}.Release|Any CPU.ActiveCfg = Release|Any CPU
		{9A22E867-B04F-4899-BABE-AF53F4E3FE83}.Release|Any CPU.Build.0 = Release|Any CPU
		{9A22E867-B04F-4899-BABE-AF53F4E3FE83}.Release|x64.ActiveCfg = Release|Any CPU
		{9A22E867-B04F-4899-BABE-AF53F4E3FE83}.Release|x64.Build.0 = Release|Any CPU
		{9A22E867-B04F-4899-BABE-AF53F4E3FE83}.Release|x86.ActiveCfg = Release|Any CPU
		{9A22E867-B04F-4899-BABE-AF53F4E3FE83}.Release|x86.Build.0 = Release|Any CPU
		{91D25E72-1650-4AC2-B9EF-24F22D8D5D94}.Debug|Any CPU.ActiveCfg = Debug|Any CPU
		{91D25E72-1650-4AC2-B9EF-24F22D8D5D94}.Debug|Any CPU.Build.0 = Debug|Any CPU
		{91D25E72-1650-4AC2-B9EF-24F22D8D5D94}.Debug|x64.ActiveCfg = Debug|Any CPU
		{91D25E72-1650-4AC2-B9EF-24F22D8D5D94}.Debug|x64.Build.0 = Debug|Any CPU
		{91D25E72-1650-4AC2-B9EF-24F22D8D5D94}.Debug|x86.ActiveCfg = Debug|Any CPU
		{91D25E72-1650-4AC2-B9EF-24F22D8D5D94}.Debug|x86.Build.0 = Debug|Any CPU
		{91D25E72-1650-4AC2-B9EF-24F22D8D5D94}.Release|Any CPU.ActiveCfg = Release|Any CPU
		{91D25E72-1650-4AC2-B9EF-24F22D8D5D94}.Release|Any CPU.Build.0 = Release|Any CPU
		{91D25E72-1650-4AC2-B9EF-24F22D8D5D94}.Release|x64.ActiveCfg = Release|Any CPU
		{91D25E72-1650-4AC2-B9EF-24F22D8D5D94}.Release|x64.Build.0 = Release|Any CPU
		{91D25E72-1650-4AC2-B9EF-24F22D8D5D94}.Release|x86.ActiveCfg = Release|Any CPU
		{91D25E72-1650-4AC2-B9EF-24F22D8D5D94}.Release|x86.Build.0 = Release|Any CPU
		{CF5A6116-5A13-4AC4-9A03-8984EFF23476}.Debug|Any CPU.ActiveCfg = Debug|Any CPU
		{CF5A6116-5A13-4AC4-9A03-8984EFF23476}.Debug|Any CPU.Build.0 = Debug|Any CPU
		{CF5A6116-5A13-4AC4-9A03-8984EFF23476}.Debug|x64.ActiveCfg = Debug|Any CPU
		{CF5A6116-5A13-4AC4-9A03-8984EFF23476}.Debug|x64.Build.0 = Debug|Any CPU
		{CF5A6116-5A13-4AC4-9A03-8984EFF23476}.Debug|x86.ActiveCfg = Debug|Any CPU
		{CF5A6116-5A13-4AC4-9A03-8984EFF23476}.Debug|x86.Build.0 = Debug|Any CPU
		{CF5A6116-5A13-4AC4-9A03-8984EFF23476}.Release|Any CPU.ActiveCfg = Release|Any CPU
		{CF5A6116-5A13-4AC4-9A03-8984EFF23476}.Release|Any CPU.Build.0 = Release|Any CPU
		{CF5A6116-5A13-4AC4-9A03-8984EFF23476}.Release|x64.ActiveCfg = Release|Any CPU
		{CF5A6116-5A13-4AC4-9A03-8984EFF23476}.Release|x64.Build.0 = Release|Any CPU
		{CF5A6116-5A13-4AC4-9A03-8984EFF23476}.Release|x86.ActiveCfg = Release|Any CPU
		{CF5A6116-5A13-4AC4-9A03-8984EFF23476}.Release|x86.Build.0 = Release|Any CPU
		{F949C471-39F9-49AE-BB7A-8E59AC16B52B}.Debug|Any CPU.ActiveCfg = Debug|Any CPU
		{F949C471-39F9-49AE-BB7A-8E59AC16B52B}.Debug|Any CPU.Build.0 = Debug|Any CPU
		{F949C471-39F9-49AE-BB7A-8E59AC16B52B}.Debug|x64.ActiveCfg = Debug|Any CPU
		{F949C471-39F9-49AE-BB7A-8E59AC16B52B}.Debug|x64.Build.0 = Debug|Any CPU
		{F949C471-39F9-49AE-BB7A-8E59AC16B52B}.Debug|x86.ActiveCfg = Debug|Any CPU
		{F949C471-39F9-49AE-BB7A-8E59AC16B52B}.Debug|x86.Build.0 = Debug|Any CPU
		{F949C471-39F9-49AE-BB7A-8E59AC16B52B}.Release|Any CPU.ActiveCfg = Release|Any CPU
		{F949C471-39F9-49AE-BB7A-8E59AC16B52B}.Release|Any CPU.Build.0 = Release|Any CPU
		{F949C471-39F9-49AE-BB7A-8E59AC16B52B}.Release|x64.ActiveCfg = Release|Any CPU
		{F949C471-39F9-49AE-BB7A-8E59AC16B52B}.Release|x64.Build.0 = Release|Any CPU
		{F949C471-39F9-49AE-BB7A-8E59AC16B52B}.Release|x86.ActiveCfg = Release|Any CPU
		{F949C471-39F9-49AE-BB7A-8E59AC16B52B}.Release|x86.Build.0 = Release|Any CPU
		{1E7B3BDE-AE6C-4CE7-9DFD-9CB6B2DE57AB}.Debug|Any CPU.ActiveCfg = Debug|Any CPU
		{1E7B3BDE-AE6C-4CE7-9DFD-9CB6B2DE57AB}.Debug|Any CPU.Build.0 = Debug|Any CPU
		{1E7B3BDE-AE6C-4CE7-9DFD-9CB6B2DE57AB}.Debug|x64.ActiveCfg = Debug|Any CPU
		{1E7B3BDE-AE6C-4CE7-9DFD-9CB6B2DE57AB}.Debug|x64.Build.0 = Debug|Any CPU
		{1E7B3BDE-AE6C-4CE7-9DFD-9CB6B2DE57AB}.Debug|x86.ActiveCfg = Debug|Any CPU
		{1E7B3BDE-AE6C-4CE7-9DFD-9CB6B2DE57AB}.Debug|x86.Build.0 = Debug|Any CPU
		{1E7B3BDE-AE6C-4CE7-9DFD-9CB6B2DE57AB}.Release|Any CPU.ActiveCfg = Release|Any CPU
		{1E7B3BDE-AE6C-4CE7-9DFD-9CB6B2DE57AB}.Release|Any CPU.Build.0 = Release|Any CPU
		{1E7B3BDE-AE6C-4CE7-9DFD-9CB6B2DE57AB}.Release|x64.ActiveCfg = Release|Any CPU
		{1E7B3BDE-AE6C-4CE7-9DFD-9CB6B2DE57AB}.Release|x64.Build.0 = Release|Any CPU
		{1E7B3BDE-AE6C-4CE7-9DFD-9CB6B2DE57AB}.Release|x86.ActiveCfg = Release|Any CPU
		{1E7B3BDE-AE6C-4CE7-9DFD-9CB6B2DE57AB}.Release|x86.Build.0 = Release|Any CPU
		{CD321CE0-9129-459B-8542-75460EECE794}.Debug|Any CPU.ActiveCfg = Debug|Any CPU
		{CD321CE0-9129-459B-8542-75460EECE794}.Debug|Any CPU.Build.0 = Debug|Any CPU
		{CD321CE0-9129-459B-8542-75460EECE794}.Debug|x64.ActiveCfg = Debug|Any CPU
		{CD321CE0-9129-459B-8542-75460EECE794}.Debug|x64.Build.0 = Debug|Any CPU
		{CD321CE0-9129-459B-8542-75460EECE794}.Debug|x86.ActiveCfg = Debug|Any CPU
		{CD321CE0-9129-459B-8542-75460EECE794}.Debug|x86.Build.0 = Debug|Any CPU
		{CD321CE0-9129-459B-8542-75460EECE794}.Release|Any CPU.ActiveCfg = Release|Any CPU
		{CD321CE0-9129-459B-8542-75460EECE794}.Release|Any CPU.Build.0 = Release|Any CPU
		{CD321CE0-9129-459B-8542-75460EECE794}.Release|x64.ActiveCfg = Release|Any CPU
		{CD321CE0-9129-459B-8542-75460EECE794}.Release|x64.Build.0 = Release|Any CPU
		{CD321CE0-9129-459B-8542-75460EECE794}.Release|x86.ActiveCfg = Release|Any CPU
		{CD321CE0-9129-459B-8542-75460EECE794}.Release|x86.Build.0 = Release|Any CPU
		{BEF560E0-2A91-4990-BCEA-F40AFD7F742F}.Debug|Any CPU.ActiveCfg = Debug|Any CPU
		{BEF560E0-2A91-4990-BCEA-F40AFD7F742F}.Debug|Any CPU.Build.0 = Debug|Any CPU
		{BEF560E0-2A91-4990-BCEA-F40AFD7F742F}.Debug|x64.ActiveCfg = Debug|Any CPU
		{BEF560E0-2A91-4990-BCEA-F40AFD7F742F}.Debug|x64.Build.0 = Debug|Any CPU
		{BEF560E0-2A91-4990-BCEA-F40AFD7F742F}.Debug|x86.ActiveCfg = Debug|Any CPU
		{BEF560E0-2A91-4990-BCEA-F40AFD7F742F}.Debug|x86.Build.0 = Debug|Any CPU
		{BEF560E0-2A91-4990-BCEA-F40AFD7F742F}.Release|Any CPU.ActiveCfg = Release|Any CPU
		{BEF560E0-2A91-4990-BCEA-F40AFD7F742F}.Release|Any CPU.Build.0 = Release|Any CPU
		{BEF560E0-2A91-4990-BCEA-F40AFD7F742F}.Release|x64.ActiveCfg = Release|Any CPU
		{BEF560E0-2A91-4990-BCEA-F40AFD7F742F}.Release|x64.Build.0 = Release|Any CPU
		{BEF560E0-2A91-4990-BCEA-F40AFD7F742F}.Release|x86.ActiveCfg = Release|Any CPU
		{BEF560E0-2A91-4990-BCEA-F40AFD7F742F}.Release|x86.Build.0 = Release|Any CPU
		{EAC1FD80-2107-4564-B63E-4CB3E060C3B2}.Debug|Any CPU.ActiveCfg = Debug|Any CPU
		{EAC1FD80-2107-4564-B63E-4CB3E060C3B2}.Debug|Any CPU.Build.0 = Debug|Any CPU
		{EAC1FD80-2107-4564-B63E-4CB3E060C3B2}.Debug|x64.ActiveCfg = Debug|Any CPU
		{EAC1FD80-2107-4564-B63E-4CB3E060C3B2}.Debug|x64.Build.0 = Debug|Any CPU
		{EAC1FD80-2107-4564-B63E-4CB3E060C3B2}.Debug|x86.ActiveCfg = Debug|Any CPU
		{EAC1FD80-2107-4564-B63E-4CB3E060C3B2}.Debug|x86.Build.0 = Debug|Any CPU
		{EAC1FD80-2107-4564-B63E-4CB3E060C3B2}.Release|Any CPU.ActiveCfg = Release|Any CPU
		{EAC1FD80-2107-4564-B63E-4CB3E060C3B2}.Release|Any CPU.Build.0 = Release|Any CPU
		{EAC1FD80-2107-4564-B63E-4CB3E060C3B2}.Release|x64.ActiveCfg = Release|Any CPU
		{EAC1FD80-2107-4564-B63E-4CB3E060C3B2}.Release|x64.Build.0 = Release|Any CPU
		{EAC1FD80-2107-4564-B63E-4CB3E060C3B2}.Release|x86.ActiveCfg = Release|Any CPU
		{EAC1FD80-2107-4564-B63E-4CB3E060C3B2}.Release|x86.Build.0 = Release|Any CPU
		{CDC764B6-242B-4075-B7F0-BB6C6A491A09}.Debug|Any CPU.ActiveCfg = Debug|Any CPU
		{CDC764B6-242B-4075-B7F0-BB6C6A491A09}.Debug|Any CPU.Build.0 = Debug|Any CPU
		{CDC764B6-242B-4075-B7F0-BB6C6A491A09}.Debug|x64.ActiveCfg = Debug|Any CPU
		{CDC764B6-242B-4075-B7F0-BB6C6A491A09}.Debug|x64.Build.0 = Debug|Any CPU
		{CDC764B6-242B-4075-B7F0-BB6C6A491A09}.Debug|x86.ActiveCfg = Debug|Any CPU
		{CDC764B6-242B-4075-B7F0-BB6C6A491A09}.Debug|x86.Build.0 = Debug|Any CPU
		{CDC764B6-242B-4075-B7F0-BB6C6A491A09}.Release|Any CPU.ActiveCfg = Release|Any CPU
		{CDC764B6-242B-4075-B7F0-BB6C6A491A09}.Release|Any CPU.Build.0 = Release|Any CPU
		{CDC764B6-242B-4075-B7F0-BB6C6A491A09}.Release|x64.ActiveCfg = Release|Any CPU
		{CDC764B6-242B-4075-B7F0-BB6C6A491A09}.Release|x64.Build.0 = Release|Any CPU
		{CDC764B6-242B-4075-B7F0-BB6C6A491A09}.Release|x86.ActiveCfg = Release|Any CPU
		{CDC764B6-242B-4075-B7F0-BB6C6A491A09}.Release|x86.Build.0 = Release|Any CPU
	EndGlobalSection
	GlobalSection(SolutionProperties) = preSolution
		HideSolutionNode = FALSE
	EndGlobalSection
	GlobalSection(NestedProjects) = preSolution
		{9E127A91-8C1C-408A-95EB-B64BF3E21F59} = {827E0CD3-B72D-47B6-A68D-7590B98EB39B}
		{9A22E867-B04F-4899-BABE-AF53F4E3FE83} = {827E0CD3-B72D-47B6-A68D-7590B98EB39B}
		{91D25E72-1650-4AC2-B9EF-24F22D8D5D94} = {827E0CD3-B72D-47B6-A68D-7590B98EB39B}
		{CF5A6116-5A13-4AC4-9A03-8984EFF23476} = {827E0CD3-B72D-47B6-A68D-7590B98EB39B}
		{F949C471-39F9-49AE-BB7A-8E59AC16B52B} = {0AB3BF05-4346-4AA6-1389-037BE0695223}
		{1E7B3BDE-AE6C-4CE7-9DFD-9CB6B2DE57AB} = {0AB3BF05-4346-4AA6-1389-037BE0695223}
		{CD321CE0-9129-459B-8542-75460EECE794} = {0AB3BF05-4346-4AA6-1389-037BE0695223}
		{BEF560E0-2A91-4990-BCEA-F40AFD7F742F} = {0AB3BF05-4346-4AA6-1389-037BE0695223}
		{EAC1FD80-2107-4564-B63E-4CB3E060C3B2} = {0AB3BF05-4346-4AA6-1389-037BE0695223}
		{CDC764B6-242B-4075-B7F0-BB6C6A491A09} = {0AB3BF05-4346-4AA6-1389-037BE0695223}
	EndGlobalSection
EndGlobal
