Microsoft Visual Studio Solution File, Format Version 12.00
# Visual Studio Version 17
VisualStudioVersion = 17.5.2.0
MinimumVisualStudioVersion = 10.0.40219.1
Project("{FAE04EC0-301F-11D3-BF4B-00C04F79EFBC}") = "Processor.Tests", "Processor.Tests.csproj", "{12FEA5A2-AB5A-72EB-6E07-27B2FDB3F50C}"
EndProject
Global
	GlobalSection(SolutionConfigurationPlatforms) = preSolution
		Debug|Any CPU = Debug|Any CPU
		Release|Any CPU = Release|Any CPU
	EndGlobalSection
	GlobalSection(ProjectConfigurationPlatforms) = postSolution
		{12FEA5A2-AB5A-72EB-6E07-27B2FDB3F50C}.Debug|Any CPU.ActiveCfg = Debug|Any CPU
		{12FEA5A2-AB5A-72EB-6E07-27B2FDB3F50C}.Debug|Any CPU.Build.0 = Debug|Any CPU
		{12FEA5A2-AB5A-72EB-6E07-27B2FDB3F50C}.Release|Any CPU.ActiveCfg = Release|Any CPU
		{12FEA5A2-AB5A-72EB-6E07-27B2FDB3F50C}.Release|Any CPU.Build.0 = Release|Any CPU
	EndGlobalSection
	GlobalSection(SolutionProperties) = preSolution
		HideSolutionNode = FALSE
	EndGlobalSection
	GlobalSection(ExtensibilityGlobals) = postSolution
		SolutionGuid = {C5DC8590-6B7D-43FC-9F26-C70D4B97B218}
	EndGlobalSection
EndGlobal
